PODS:
  - Kingfisher (5.6.0)
  - KingfisherWebP (0.5.0):
    - Kingfisher (~> 5.0)
    - libwebp (>= 0.5.0)
  - libwebp (1.1.0):
    - libwebp/demux (= 1.1.0)
    - libwebp/mux (= 1.1.0)
    - libwebp/webp (= 1.1.0)
  - libwebp/demux (1.1.0):
    - libwebp/webp
  - libwebp/mux (1.1.0):
    - libwebp/demux
  - libwebp/webp (1.1.0)

DEPENDENCIES:
  - Kingfisher (= 5.6.0)
  - KingfisherWebP (~> 0.5.0)

SPEC REPOS:
  trunk:
    - Kingfisher
    - KingfisherWebP
    - libwebp

SPEC CHECKSUMS:
  Kingfisher: 1a50df6880a60bae26f3e21a0df3d17b892f5e0b
  KingfisherWebP: 310f69a932151c526a7649de965f57e56918c8d0
  libwebp: 946cb3063cea9236285f7e9a8505d806d30e07f3

PODFILE CHECKSUM: b8fd75378b21c22c4421c2c7a80b0399a4ff9f49

COCOAPODS: 1.8.4
